
Microsoft Visual Studio Solution File, Format Version 12.00
# Visual Studio 15
VisualStudioVersion = 15.0.27703.2026
MinimumVisualStudioVersion = 10.0.40219.1
Project("{FAE04EC0-301F-11D3-BF4B-00C04F79EFBC}") = "musicV2", "musicV2.csproj", "{1A309493-3966-4838-BA08-218268985408}"
EndProject
Global
	GlobalSection(SolutionConfigurationPlatforms) = preSolution
		Debug|Any CPU = Debug|Any CPU
		Release|Any CPU = Release|Any CPU
	EndGlobalSection
	GlobalSection(ProjectConfigurationPlatforms) = postSolution
		{1A309493-3966-4838-BA08-218268985408}.Debug|Any CPU.ActiveCfg = Debug|Any CPU
		{1A309493-3966-4838-BA08-218268985408}.Debug|Any CPU.Build.0 = Debug|Any CPU
		{1A309493-3966-4838-BA08-218268985408}.Release|Any CPU.ActiveCfg = Release|Any CPU
		{1A309493-3966-4838-BA08-218268985408}.Release|Any CPU.Build.0 = Release|Any CPU
	EndGlobalSection
	GlobalSection(SolutionProperties) = preSolution
		HideSolutionNode = FALSE
	EndGlobalSection
	GlobalSection(ExtensibilityGlobals) = postSolution
		SolutionGuid = {39317371-F1E4-4863-AD50-9F4BE584ECBC}
	EndGlobalSection
EndGlobal
